
Microsoft Visual Studio Solution File, Format Version 12.00
# Visual Studio Version 17
VisualStudioVersion = 17.8.34309.116
MinimumVisualStudioVersion = 10.0.40219.1
Project("{9A19103F-16F7-4668-BE54-9A1E7A4F7556}") = "Labb3", "Labb3.csproj", "{AF9330E6-DE4F-45FC-9B96-B239A15A0C98}"
EndProject
Global
	GlobalSection(SolutionConfigurationPlatforms) = preSolution
		Debug|Any CPU = Debug|Any CPU
		Release|Any CPU = Release|Any CPU
	EndGlobalSection
	GlobalSection(ProjectConfigurationPlatforms) = postSolution
		{AF9330E6-DE4F-45FC-9B96-B239A15A0C98}.Debug|Any CPU.ActiveCfg = Debug|Any CPU
		{AF9330E6-DE4F-45FC-9B96-B239A15A0C98}.Debug|Any CPU.Build.0 = Debug|Any CPU
		{AF9330E6-DE4F-45FC-9B96-B239A15A0C98}.Release|Any CPU.ActiveCfg = Release|Any CPU
		{AF9330E6-DE4F-45FC-9B96-B239A15A0C98}.Release|Any CPU.Build.0 = Release|Any CPU
	EndGlobalSection
	GlobalSection(SolutionProperties) = preSolution
		HideSolutionNode = FALSE
	EndGlobalSection
	GlobalSection(ExtensibilityGlobals) = postSolution
		SolutionGuid = {CE106074-03FC-40E9-9E31-A12E3F886BEB}
	EndGlobalSection
EndGlobal
